// !$*UTF8*$!
{
	archiveVersion = 1;
	classes = {
	};
	objectVersion = 77;
	objects = {

/* Begin PBXBuildFile section */
		602A0C9B2DBB723A003255F2 /* CoreDataManager.swift in Sources */ = {isa = PBXBuildFile; fileRef = 602A0C9A2DBB7234003255F2 /* CoreDataManager.swift */; };
		602A0C9D2DBB8048003255F2 /* HomeVM.swift in Sources */ = {isa = PBXBuildFile; fileRef = 602A0C9C2DBB8048003255F2 /* HomeVM.swift */; };
		602A0CC62DBBBB06003255F2 /* WhisperKit in Frameworks */ = {isa = PBXBuildFile; productRef = 602A0CC52DBBBB06003255F2 /* WhisperKit */; };
		602A0CDF2DBBC072003255F2 /* IssueCoreData+CoreDataClass.swift in Sources */ = {isa = PBXBuildFile; fileRef = 602A0CD72DBBC072003255F2 /* IssueCoreData+CoreDataClass.swift */; };
		602A0CE02DBBC072003255F2 /* IssueCoreData+CoreDataProperties.swift in Sources */ = {isa = PBXBuildFile; fileRef = 602A0CD82DBBC072003255F2 /* IssueCoreData+CoreDataProperties.swift */; };
		602A0CE32DBBC072003255F2 /* SchedulingTaskCoreData+CoreDataClass.swift in Sources */ = {isa = PBXBuildFile; fileRef = 602A0CDB2DBBC072003255F2 /* SchedulingTaskCoreData+CoreDataClass.swift */; };
		602A0CE42DBBC072003255F2 /* SchedulingTaskCoreData+CoreDataProperties.swift in Sources */ = {isa = PBXBuildFile; fileRef = 602A0CDC2DBBC072003255F2 /* SchedulingTaskCoreData+CoreDataProperties.swift */; };
		602A0CE52DBBC072003255F2 /* TimelineCoreData+CoreDataClass.swift in Sources */ = {isa = PBXBuildFile; fileRef = 602A0CDD2DBBC072003255F2 /* TimelineCoreData+CoreDataClass.swift */; };
		602A0CE62DBBC072003255F2 /* TimelineCoreData+CoreDataProperties.swift in Sources */ = {isa = PBXBuildFile; fileRef = 602A0CDE2DBBC072003255F2 /* TimelineCoreData+CoreDataProperties.swift */; };
		602A0CE92DBBCCE3003255F2 /* MeetingTaskCoreData+CoreDataClass.swift in Sources */ = {isa = PBXBuildFile; fileRef = 602A0CE72DBBCCE3003255F2 /* MeetingTaskCoreData+CoreDataClass.swift */; };
		602A0CEA2DBBCCE3003255F2 /* MeetingTaskCoreData+CoreDataProperties.swift in Sources */ = {isa = PBXBuildFile; fileRef = 602A0CE82DBBCCE3003255F2 /* MeetingTaskCoreData+CoreDataProperties.swift */; };
		602A0CEC2DBBD59F003255F2 /* MeetingTaskModel.swift in Sources */ = {isa = PBXBuildFile; fileRef = 602A0CEB2DBBD59B003255F2 /* MeetingTaskModel.swift */; };
		602A0CEE2DBBE1B5003255F2 /* testAudio_0.m4a in Resources */ = {isa = PBXBuildFile; fileRef = 602A0CED2DBBE1B5003255F2 /* testAudio_0.m4a */; };
		60453ED22DB8EC400053859F /* WOAIApp.swift in Sources */ = {isa = PBXBuildFile; fileRef = 60453ED12DB8EC350053859F /* WOAIApp.swift */; };
		60453ED42DB8EF620053859F /* MainView.swift in Sources */ = {isa = PBXBuildFile; fileRef = 60453ED32DB8EF590053859F /* MainView.swift */; };
		60453ED62DB8F0690053859F /* HomeView.swift in Sources */ = {isa = PBXBuildFile; fileRef = 60453ED52DB8F0680053859F /* HomeView.swift */; };
		60453ED82DB8F0900053859F /* SettingView.swift in Sources */ = {isa = PBXBuildFile; fileRef = 60453ED72DB8F0880053859F /* SettingView.swift */; };
		60453EDB2DB8FC6C0053859F /* Color+.swift in Sources */ = {isa = PBXBuildFile; fileRef = 60453EDA2DB8FC680053859F /* Color+.swift */; };
		6055C8B42D007EEC008678C1 /* WhisperManager.swift in Sources */ = {isa = PBXBuildFile; fileRef = 6055C8B32D007EE8008678C1 /* WhisperManager.swift */; };
		6055C8C02D00A550008678C1 /* testing.m4a in Resources */ = {isa = PBXBuildFile; fileRef = 6055C8BF2D00A550008678C1 /* testing.m4a */; };
		60566C302D64C11000509D48 /* config.xcconfig in Resources */ = {isa = PBXBuildFile; fileRef = 60566C2F2D64C10A00509D48 /* config.xcconfig */; };
		606851FF2DC0B9F500889B1E /* DateFormatter+.swift in Sources */ = {isa = PBXBuildFile; fileRef = 606851FE2DC0B9ED00889B1E /* DateFormatter+.swift */; };
		606852022DCA5E4900889B1E /* RecordNoteVM.swift in Sources */ = {isa = PBXBuildFile; fileRef = 606852012DCA5E4600889B1E /* RecordNoteVM.swift */; };
		606852042DCA682500889B1E /* RecordingView.swift in Sources */ = {isa = PBXBuildFile; fileRef = 606852032DCA682100889B1E /* RecordingView.swift */; };
		60E5C6C62DCC4A7B00635390 /* String+.swift in Sources */ = {isa = PBXBuildFile; fileRef = 60E5C6C52DCC4A7600635390 /* String+.swift */; };
		60F34B212CF5F5F500A386EF /* AppDelegate.swift in Sources */ = {isa = PBXBuildFile; fileRef = 60F34B202CF5F5F500A386EF /* AppDelegate.swift */; };
		60F34B252CF5F5F500A386EF /* RecordNoteView.swift in Sources */ = {isa = PBXBuildFile; fileRef = 60F34B242CF5F5F500A386EF /* RecordNoteView.swift */; };
		60F34B2A2CF5F5F800A386EF /* Assets.xcassets in Resources */ = {isa = PBXBuildFile; fileRef = 60F34B292CF5F5F800A386EF /* Assets.xcassets */; };
		60F34B2D2CF5F5F800A386EF /* Base in Resources */ = {isa = PBXBuildFile; fileRef = 60F34B2C2CF5F5F800A386EF /* Base */; };
		60F34B372CF5F76900A386EF /* audio.mp3 in Resources */ = {isa = PBXBuildFile; fileRef = 60F34B362CF5F76900A386EF /* audio.mp3 */; };
		60F34B422CF73CB100A386EF /* RecordingVM.swift in Sources */ = {isa = PBXBuildFile; fileRef = 60F34B412CF73CB100A386EF /* RecordingVM.swift */; };
		60F34B442CF7401000A386EF /* OpenAIManager.swift in Sources */ = {isa = PBXBuildFile; fileRef = 60F34B432CF7401000A386EF /* OpenAIManager.swift */; };
		60F34B462CF7404100A386EF /* OpenAIModels.swift in Sources */ = {isa = PBXBuildFile; fileRef = 60F34B452CF7404100A386EF /* OpenAIModels.swift */; };
		60F9E9452DB9EEEF0009B436 /* Router.swift in Sources */ = {isa = PBXBuildFile; fileRef = 60F9E9442DB9EEED0009B436 /* Router.swift */; };
		60F9E9472DBA1E860009B436 /* MeetingTaskDTO.swift in Sources */ = {isa = PBXBuildFile; fileRef = 60F9E9462DBA1E7D0009B436 /* MeetingTaskDTO.swift */; };
		60F9E9492DBA27930009B436 /* JsonManager.swift in Sources */ = {isa = PBXBuildFile; fileRef = 60F9E9482DBA278E0009B436 /* JsonManager.swift */; };
		60F9E94E2DBA34DE0009B436 /* TaskModel.xcdatamodeld in Sources */ = {isa = PBXBuildFile; fileRef = 60F9E94C2DBA34DE0009B436 /* TaskModel.xcdatamodeld */; };
/* End PBXBuildFile section */

/* Begin PBXFileReference section */
		602A0C9A2DBB7234003255F2 /* CoreDataManager.swift */ = {isa = PBXFileReference; lastKnownFileType = sourcecode.swift; path = CoreDataManager.swift; sourceTree = "<group>"; };
		602A0C9C2DBB8048003255F2 /* HomeVM.swift */ = {isa = PBXFileReference; lastKnownFileType = sourcecode.swift; path = HomeVM.swift; sourceTree = "<group>"; };
		602A0CD72DBBC072003255F2 /* IssueCoreData+CoreDataClass.swift */ = {isa = PBXFileReference; lastKnownFileType = sourcecode.swift; path = "IssueCoreData+CoreDataClass.swift"; sourceTree = "<group>"; };
		602A0CD82DBBC072003255F2 /* IssueCoreData+CoreDataProperties.swift */ = {isa = PBXFileReference; lastKnownFileType = sourcecode.swift; path = "IssueCoreData+CoreDataProperties.swift"; sourceTree = "<group>"; };
		602A0CDB2DBBC072003255F2 /* SchedulingTaskCoreData+CoreDataClass.swift */ = {isa = PBXFileReference; lastKnownFileType = sourcecode.swift; path = "SchedulingTaskCoreData+CoreDataClass.swift"; sourceTree = "<group>"; };
		602A0CDC2DBBC072003255F2 /* SchedulingTaskCoreData+CoreDataProperties.swift */ = {isa = PBXFileReference; lastKnownFileType = sourcecode.swift; path = "SchedulingTaskCoreData+CoreDataProperties.swift"; sourceTree = "<group>"; };
		602A0CDD2DBBC072003255F2 /* TimelineCoreData+CoreDataClass.swift */ = {isa = PBXFileReference; lastKnownFileType = sourcecode.swift; path = "TimelineCoreData+CoreDataClass.swift"; sourceTree = "<group>"; };
		602A0CDE2DBBC072003255F2 /* TimelineCoreData+CoreDataProperties.swift */ = {isa = PBXFileReference; lastKnownFileType = sourcecode.swift; path = "TimelineCoreData+CoreDataProperties.swift"; sourceTree = "<group>"; };
		602A0CE72DBBCCE3003255F2 /* MeetingTaskCoreData+CoreDataClass.swift */ = {isa = PBXFileReference; lastKnownFileType = sourcecode.swift; path = "MeetingTaskCoreData+CoreDataClass.swift"; sourceTree = "<group>"; };
		602A0CE82DBBCCE3003255F2 /* MeetingTaskCoreData+CoreDataProperties.swift */ = {isa = PBXFileReference; lastKnownFileType = sourcecode.swift; path = "MeetingTaskCoreData+CoreDataProperties.swift"; sourceTree = "<group>"; };
		602A0CEB2DBBD59B003255F2 /* MeetingTaskModel.swift */ = {isa = PBXFileReference; lastKnownFileType = sourcecode.swift; path = MeetingTaskModel.swift; sourceTree = "<group>"; };
		602A0CED2DBBE1B5003255F2 /* testAudio_0.m4a */ = {isa = PBXFileReference; lastKnownFileType = file; path = testAudio_0.m4a; sourceTree = "<group>"; };
		60453ED12DB8EC350053859F /* WOAIApp.swift */ = {isa = PBXFileReference; lastKnownFileType = sourcecode.swift; path = WOAIApp.swift; sourceTree = "<group>"; };
		60453ED32DB8EF590053859F /* MainView.swift */ = {isa = PBXFileReference; lastKnownFileType = sourcecode.swift; path = MainView.swift; sourceTree = "<group>"; };
		60453ED52DB8F0680053859F /* HomeView.swift */ = {isa = PBXFileReference; lastKnownFileType = sourcecode.swift; path = HomeView.swift; sourceTree = "<group>"; };
		60453ED72DB8F0880053859F /* SettingView.swift */ = {isa = PBXFileReference; lastKnownFileType = sourcecode.swift; path = SettingView.swift; sourceTree = "<group>"; };
		60453EDA2DB8FC680053859F /* Color+.swift */ = {isa = PBXFileReference; lastKnownFileType = sourcecode.swift; path = "Color+.swift"; sourceTree = "<group>"; };
		6055C8B32D007EE8008678C1 /* WhisperManager.swift */ = {isa = PBXFileReference; lastKnownFileType = sourcecode.swift; path = WhisperManager.swift; sourceTree = "<group>"; };
		6055C8BF2D00A550008678C1 /* testing.m4a */ = {isa = PBXFileReference; lastKnownFileType = file; path = testing.m4a; sourceTree = "<group>"; };
		60566C2F2D64C10A00509D48 /* config.xcconfig */ = {isa = PBXFileReference; lastKnownFileType = text.xcconfig; path = config.xcconfig; sourceTree = "<group>"; };
		606851FE2DC0B9ED00889B1E /* DateFormatter+.swift */ = {isa = PBXFileReference; lastKnownFileType = sourcecode.swift; path = "DateFormatter+.swift"; sourceTree = "<group>"; };
		606852012DCA5E4600889B1E /* RecordNoteVM.swift */ = {isa = PBXFileReference; lastKnownFileType = sourcecode.swift; path = RecordNoteVM.swift; sourceTree = "<group>"; };
		606852032DCA682100889B1E /* RecordingView.swift */ = {isa = PBXFileReference; lastKnownFileType = sourcecode.swift; path = RecordingView.swift; sourceTree = "<group>"; };
		60E5C6BD2DCC493600635390 /* ko */ = {isa = PBXFileReference; lastKnownFileType = text.plist.strings; name = ko; path = ko.lproj/LaunchScreen.strings; sourceTree = "<group>"; };
		60E5C6BF2DCC498600635390 /* ko */ = {isa = PBXFileReference; lastKnownFileType = text.plist.strings; name = ko; path = "ko.lproj/Localizable(ko).strings"; sourceTree = "<group>"; };
		60E5C6C42DCC49A300635390 /* en */ = {isa = PBXFileReference; lastKnownFileType = text.plist.strings; name = en; path = "en.lproj/Localizable(en).strings"; sourceTree = "<group>"; };
		60E5C6C52DCC4A7600635390 /* String+.swift */ = {isa = PBXFileReference; lastKnownFileType = sourcecode.swift; path = "String+.swift"; sourceTree = "<group>"; };
		60F34B1D2CF5F5F500A386EF /* WOAI.app */ = {isa = PBXFileReference; explicitFileType = wrapper.application; includeInIndex = 0; path = WOAI.app; sourceTree = BUILT_PRODUCTS_DIR; };
		60F34B202CF5F5F500A386EF /* AppDelegate.swift */ = {isa = PBXFileReference; lastKnownFileType = sourcecode.swift; path = AppDelegate.swift; sourceTree = "<group>"; };
		60F34B242CF5F5F500A386EF /* RecordNoteView.swift */ = {isa = PBXFileReference; lastKnownFileType = sourcecode.swift; path = RecordNoteView.swift; sourceTree = "<group>"; };
		60F34B292CF5F5F800A386EF /* Assets.xcassets */ = {isa = PBXFileReference; lastKnownFileType = folder.assetcatalog; path = Assets.xcassets; sourceTree = "<group>"; };
		60F34B2C2CF5F5F800A386EF /* Base */ = {isa = PBXFileReference; lastKnownFileType = file.storyboard; name = Base; path = Base.lproj/LaunchScreen.storyboard; sourceTree = "<group>"; };
		60F34B2E2CF5F5F800A386EF /* Info.plist */ = {isa = PBXFileReference; lastKnownFileType = text.plist.xml; path = Info.plist; sourceTree = "<group>"; };
		60F34B362CF5F76900A386EF /* audio.mp3 */ = {isa = PBXFileReference; lastKnownFileType = audio.mp3; path = audio.mp3; sourceTree = "<group>"; };
		60F34B412CF73CB100A386EF /* RecordingVM.swift */ = {isa = PBXFileReference; lastKnownFileType = sourcecode.swift; path = RecordingVM.swift; sourceTree = "<group>"; };
		60F34B432CF7401000A386EF /* OpenAIManager.swift */ = {isa = PBXFileReference; lastKnownFileType = sourcecode.swift; path = OpenAIManager.swift; sourceTree = "<group>"; };
		60F34B452CF7404100A386EF /* OpenAIModels.swift */ = {isa = PBXFileReference; lastKnownFileType = sourcecode.swift; path = OpenAIModels.swift; sourceTree = "<group>"; };
		60F9E9442DB9EEED0009B436 /* Router.swift */ = {isa = PBXFileReference; lastKnownFileType = sourcecode.swift; path = Router.swift; sourceTree = "<group>"; };
		60F9E9462DBA1E7D0009B436 /* MeetingTaskDTO.swift */ = {isa = PBXFileReference; lastKnownFileType = sourcecode.swift; path = MeetingTaskDTO.swift; sourceTree = "<group>"; };
		60F9E9482DBA278E0009B436 /* JsonManager.swift */ = {isa = PBXFileReference; lastKnownFileType = sourcecode.swift; path = JsonManager.swift; sourceTree = "<group>"; };
		60F9E94D2DBA34DE0009B436 /* TaskModel.xcdatamodel */ = {isa = PBXFileReference; lastKnownFileType = wrapper.xcdatamodel; path = TaskModel.xcdatamodel; sourceTree = "<group>"; };
/* End PBXFileReference section */

/* Begin PBXFrameworksBuildPhase section */
		60F34B1A2CF5F5F500A386EF /* Frameworks */ = {
			isa = PBXFrameworksBuildPhase;
			buildActionMask = 2147483647;
			files = (
				602A0CC62DBBBB06003255F2 /* WhisperKit in Frameworks */,
			);
			runOnlyForDeploymentPostprocessing = 0;
		};
/* End PBXFrameworksBuildPhase section */

/* Begin PBXGroup section */
		602A0CAE2DBB93CD003255F2 /* CoreData */ = {
			isa = PBXGroup;
			children = (
				602A0CE72DBBCCE3003255F2 /* MeetingTaskCoreData+CoreDataClass.swift */,
				602A0CE82DBBCCE3003255F2 /* MeetingTaskCoreData+CoreDataProperties.swift */,
				602A0CD72DBBC072003255F2 /* IssueCoreData+CoreDataClass.swift */,
				602A0CD82DBBC072003255F2 /* IssueCoreData+CoreDataProperties.swift */,
				602A0CDB2DBBC072003255F2 /* SchedulingTaskCoreData+CoreDataClass.swift */,
				602A0CDC2DBBC072003255F2 /* SchedulingTaskCoreData+CoreDataProperties.swift */,
				602A0CDD2DBBC072003255F2 /* TimelineCoreData+CoreDataClass.swift */,
				602A0CDE2DBBC072003255F2 /* TimelineCoreData+CoreDataProperties.swift */,
			);
			path = CoreData;
			sourceTree = "<group>";
		};
		602A0CC42DBBBB06003255F2 /* Frameworks */ = {
			isa = PBXGroup;
			children = (
			);
			name = Frameworks;
			sourceTree = "<group>";
		};
		60453ED92DB8FC5D0053859F /* Extension */ = {
			isa = PBXGroup;
			children = (
				60E5C6C52DCC4A7600635390 /* String+.swift */,
				606851FE2DC0B9ED00889B1E /* DateFormatter+.swift */,
				60453EDA2DB8FC680053859F /* Color+.swift */,
			);
			path = Extension;
			sourceTree = "<group>";
		};
		60453EDC2DB919A30053859F /* Resources */ = {
			isa = PBXGroup;
			children = (
				602A0CED2DBBE1B5003255F2 /* testAudio_0.m4a */,
				6055C8BF2D00A550008678C1 /* testing.m4a */,
				60F34B362CF5F76900A386EF /* audio.mp3 */,
			);
			path = Resources;
			sourceTree = "<group>";
		};
		60453EDD2DB91A1D0053859F /* Managers */ = {
			isa = PBXGroup;
			children = (
				602A0C9A2DBB7234003255F2 /* CoreDataManager.swift */,
				60F9E9482DBA278E0009B436 /* JsonManager.swift */,
				60F34B432CF7401000A386EF /* OpenAIManager.swift */,
				6055C8B32D007EE8008678C1 /* WhisperManager.swift */,
			);
			path = Managers;
			sourceTree = "<group>";
		};
		60453EDE2DB91A2D0053859F /* Models */ = {
			isa = PBXGroup;
			children = (
				602A0CEB2DBBD59B003255F2 /* MeetingTaskModel.swift */,
				60F9E9462DBA1E7D0009B436 /* MeetingTaskDTO.swift */,
				60F34B452CF7404100A386EF /* OpenAIModels.swift */,
			);
			path = Models;
			sourceTree = "<group>";
		};
		60453EDF2DB91A420053859F /* Application */ = {
			isa = PBXGroup;
			children = (
				60453ED12DB8EC350053859F /* WOAIApp.swift */,
			);
			path = Application;
			sourceTree = "<group>";
		};
		6049CF302CF9D4D90060140F /* Views */ = {
			isa = PBXGroup;
			children = (
				606852032DCA682100889B1E /* RecordingView.swift */,
				60453ED32DB8EF590053859F /* MainView.swift */,
				60453ED72DB8F0880053859F /* SettingView.swift */,
				60453ED52DB8F0680053859F /* HomeView.swift */,
				60F34B242CF5F5F500A386EF /* RecordNoteView.swift */,
			);
			path = Views;
			sourceTree = "<group>";
		};
		6073D9DE2CF7482800718DC1 /* ViewModels */ = {
			isa = PBXGroup;
			children = (
				60F34B412CF73CB100A386EF /* RecordingVM.swift */,
				606852012DCA5E4600889B1E /* RecordNoteVM.swift */,
				602A0C9C2DBB8048003255F2 /* HomeVM.swift */,
			);
			path = ViewModels;
			sourceTree = "<group>";
		};
		60F34B142CF5F5F500A386EF = {
			isa = PBXGroup;
			children = (
				60E5C6C22DCC499600635390 /* Localizable(en).strings */,
				60E5C6C02DCC498600635390 /* Localizable(ko).strings */,
				60F34B1F2CF5F5F500A386EF /* WOAI */,
				602A0CC42DBBBB06003255F2 /* Frameworks */,
				60F34B1E2CF5F5F500A386EF /* Products */,
			);
			sourceTree = "<group>";
		};
		60F34B1E2CF5F5F500A386EF /* Products */ = {
			isa = PBXGroup;
			children = (
				60F34B1D2CF5F5F500A386EF /* WOAI.app */,
			);
			name = Products;
			sourceTree = "<group>";
		};
		60F34B1F2CF5F5F500A386EF /* WOAI */ = {
			isa = PBXGroup;
			children = (
				602A0CAE2DBB93CD003255F2 /* CoreData */,
				60F9E94C2DBA34DE0009B436 /* TaskModel.xcdatamodeld */,
				60566C2F2D64C10A00509D48 /* config.xcconfig */,
				60F9E9432DB9EE7D0009B436 /* Router */,
				60453EDF2DB91A420053859F /* Application */,
				60453EDE2DB91A2D0053859F /* Models */,
				60453EDD2DB91A1D0053859F /* Managers */,
				60453ED92DB8FC5D0053859F /* Extension */,
				6049CF302CF9D4D90060140F /* Views */,
				6073D9DE2CF7482800718DC1 /* ViewModels */,
				60453EDC2DB919A30053859F /* Resources */,
				60F34B202CF5F5F500A386EF /* AppDelegate.swift */,
				60F34B292CF5F5F800A386EF /* Assets.xcassets */,
				60F34B2B2CF5F5F800A386EF /* LaunchScreen.storyboard */,
				60F34B2E2CF5F5F800A386EF /* Info.plist */,
			);
			path = WOAI;
			sourceTree = "<group>";
		};
		60F9E9432DB9EE7D0009B436 /* Router */ = {
			isa = PBXGroup;
			children = (
				60F9E9442DB9EEED0009B436 /* Router.swift */,
			);
			path = Router;
			sourceTree = "<group>";
		};
/* End PBXGroup section */

/* Begin PBXNativeTarget section */
		60F34B1C2CF5F5F500A386EF /* WOAI */ = {
			isa = PBXNativeTarget;
			buildConfigurationList = 60F34B312CF5F5F800A386EF /* Build configuration list for PBXNativeTarget "WOAI" */;
			buildPhases = (
				60F34B192CF5F5F500A386EF /* Sources */,
				60F34B1A2CF5F5F500A386EF /* Frameworks */,
				60F34B1B2CF5F5F500A386EF /* Resources */,
			);
			buildRules = (
			);
			dependencies = (
			);
			name = WOAI;
			packageProductDependencies = (
				602A0CC52DBBBB06003255F2 /* WhisperKit */,
			);
			productName = WOAI;
			productReference = 60F34B1D2CF5F5F500A386EF /* WOAI.app */;
			productType = "com.apple.product-type.application";
		};
/* End PBXNativeTarget section */

/* Begin PBXProject section */
		60F34B152CF5F5F500A386EF /* Project object */ = {
			isa = PBXProject;
			attributes = {
				BuildIndependentTargetsInParallel = 1;
				LastSwiftUpdateCheck = 1530;
				LastUpgradeCheck = 1530;
				TargetAttributes = {
					60F34B1C2CF5F5F500A386EF = {
						CreatedOnToolsVersion = 15.3;
					};
				};
			};
			buildConfigurationList = 60F34B182CF5F5F500A386EF /* Build configuration list for PBXProject "WOAI" */;
			developmentRegion = en;
			hasScannedForEncodings = 0;
			knownRegions = (
				en,
				Base,
				ko,
			);
			mainGroup = 60F34B142CF5F5F500A386EF;
			packageReferences = (
				602A0CC32DBBB1E8003255F2 /* XCRemoteSwiftPackageReference "whisperkit" */,
			);
			preferredProjectObjectVersion = 77;
			productRefGroup = 60F34B1E2CF5F5F500A386EF /* Products */;
			projectDirPath = "";
			projectRoot = "";
			targets = (
				60F34B1C2CF5F5F500A386EF /* WOAI */,
			);
		};
/* End PBXProject section */

/* Begin PBXResourcesBuildPhase section */
		60F34B1B2CF5F5F500A386EF /* Resources */ = {
			isa = PBXResourcesBuildPhase;
			buildActionMask = 2147483647;
			files = (
				602A0CEE2DBBE1B5003255F2 /* testAudio_0.m4a in Resources */,
				60F34B2A2CF5F5F800A386EF /* Assets.xcassets in Resources */,
				60F34B2D2CF5F5F800A386EF /* Base in Resources */,
				60F34B372CF5F76900A386EF /* audio.mp3 in Resources */,
				6055C8C02D00A550008678C1 /* testing.m4a in Resources */,
				60566C302D64C11000509D48 /* config.xcconfig in Resources */,
			);
			runOnlyForDeploymentPostprocessing = 0;
		};
/* End PBXResourcesBuildPhase section */

/* Begin PBXSourcesBuildPhase section */
		60F34B192CF5F5F500A386EF /* Sources */ = {
			isa = PBXSourcesBuildPhase;
			buildActionMask = 2147483647;
			files = (
				606851FF2DC0B9F500889B1E /* DateFormatter+.swift in Sources */,
				60453ED42DB8EF620053859F /* MainView.swift in Sources */,
				60453ED82DB8F0900053859F /* SettingView.swift in Sources */,
				60F34B252CF5F5F500A386EF /* RecordNoteView.swift in Sources */,
				60F34B442CF7401000A386EF /* OpenAIManager.swift in Sources */,
				602A0CDF2DBBC072003255F2 /* IssueCoreData+CoreDataClass.swift in Sources */,
				602A0CE02DBBC072003255F2 /* IssueCoreData+CoreDataProperties.swift in Sources */,
				602A0CE32DBBC072003255F2 /* SchedulingTaskCoreData+CoreDataClass.swift in Sources */,
				602A0CE42DBBC072003255F2 /* SchedulingTaskCoreData+CoreDataProperties.swift in Sources */,
				602A0CE52DBBC072003255F2 /* TimelineCoreData+CoreDataClass.swift in Sources */,
				602A0CE62DBBC072003255F2 /* TimelineCoreData+CoreDataProperties.swift in Sources */,
				60F9E9452DB9EEEF0009B436 /* Router.swift in Sources */,
				606852042DCA682500889B1E /* RecordingView.swift in Sources */,
				602A0C9D2DBB8048003255F2 /* HomeVM.swift in Sources */,
				60F9E94E2DBA34DE0009B436 /* TaskModel.xcdatamodeld in Sources */,
				60453ED62DB8F0690053859F /* HomeView.swift in Sources */,
				60453ED22DB8EC400053859F /* WOAIApp.swift in Sources */,
				606852022DCA5E4900889B1E /* RecordNoteVM.swift in Sources */,
				60F34B422CF73CB100A386EF /* RecordingVM.swift in Sources */,
				60F34B462CF7404100A386EF /* OpenAIModels.swift in Sources */,
				60F9E9492DBA27930009B436 /* JsonManager.swift in Sources */,
				602A0CEC2DBBD59F003255F2 /* MeetingTaskModel.swift in Sources */,
				60E5C6C62DCC4A7B00635390 /* String+.swift in Sources */,
				60453EDB2DB8FC6C0053859F /* Color+.swift in Sources */,
				60F34B212CF5F5F500A386EF /* AppDelegate.swift in Sources */,
				6055C8B42D007EEC008678C1 /* WhisperManager.swift in Sources */,
				602A0C9B2DBB723A003255F2 /* CoreDataManager.swift in Sources */,
				602A0CE92DBBCCE3003255F2 /* MeetingTaskCoreData+CoreDataClass.swift in Sources */,
				602A0CEA2DBBCCE3003255F2 /* MeetingTaskCoreData+CoreDataProperties.swift in Sources */,
				60F9E9472DBA1E860009B436 /* MeetingTaskDTO.swift in Sources */,
			);
			runOnlyForDeploymentPostprocessing = 0;
		};
/* End PBXSourcesBuildPhase section */

/* Begin PBXVariantGroup section */
		60E5C6C02DCC498600635390 /* Localizable(ko).strings */ = {
			isa = PBXVariantGroup;
			children = (
				60E5C6BF2DCC498600635390 /* ko */,
			);
			name = "Localizable(ko).strings";
			sourceTree = "<group>";
		};
		60E5C6C22DCC499600635390 /* Localizable(en).strings */ = {
			isa = PBXVariantGroup;
			children = (
				60E5C6C42DCC49A300635390 /* en */,
			);
			name = "Localizable(en).strings";
			sourceTree = "<group>";
		};
		60F34B2B2CF5F5F800A386EF /* LaunchScreen.storyboard */ = {
			isa = PBXVariantGroup;
			children = (
				60F34B2C2CF5F5F800A386EF /* Base */,
				60E5C6BD2DCC493600635390 /* ko */,
			);
			name = LaunchScreen.storyboard;
			sourceTree = "<group>";
		};
/* End PBXVariantGroup section */

/* Begin XCBuildConfiguration section */
		60F34B2F2CF5F5F800A386EF /* Debug */ = {
			isa = XCBuildConfiguration;
			buildSettings = {
				ALWAYS_SEARCH_USER_PATHS = NO;
				ASSETCATALOG_COMPILER_GENERATE_SWIFT_ASSET_SYMBOL_EXTENSIONS = YES;
				CLANG_ANALYZER_LOCALIZABILITY_NONLOCALIZED = YES;
				CLANG_ANALYZER_NONNULL = YES;
				CLANG_ANALYZER_NUMBER_OBJECT_CONVERSION = YES_AGGRESSIVE;
				CLANG_CXX_LANGUAGE_STANDARD = "gnu++20";
				CLANG_ENABLE_MODULES = YES;
				CLANG_ENABLE_OBJC_ARC = YES;
				CLANG_ENABLE_OBJC_WEAK = YES;
				CLANG_WARN_BLOCK_CAPTURE_AUTORELEASING = YES;
				CLANG_WARN_BOOL_CONVERSION = YES;
				CLANG_WARN_COMMA = YES;
				CLANG_WARN_CONSTANT_CONVERSION = YES;
				CLANG_WARN_DEPRECATED_OBJC_IMPLEMENTATIONS = YES;
				CLANG_WARN_DIRECT_OBJC_ISA_USAGE = YES_ERROR;
				CLANG_WARN_DOCUMENTATION_COMMENTS = YES;
				CLANG_WARN_EMPTY_BODY = YES;
				CLANG_WARN_ENUM_CONVERSION = YES;
				CLANG_WARN_INFINITE_RECURSION = YES;
				CLANG_WARN_INT_CONVERSION = YES;
				CLANG_WARN_NON_LITERAL_NULL_CONVERSION = YES;
				CLANG_WARN_OBJC_IMPLICIT_RETAIN_SELF = YES;
				CLANG_WARN_OBJC_LITERAL_CONVERSION = YES;
				CLANG_WARN_OBJC_ROOT_CLASS = YES_ERROR;
				CLANG_WARN_QUOTED_INCLUDE_IN_FRAMEWORK_HEADER = YES;
				CLANG_WARN_RANGE_LOOP_ANALYSIS = YES;
				CLANG_WARN_STRICT_PROTOTYPES = YES;
				CLANG_WARN_SUSPICIOUS_MOVE = YES;
				CLANG_WARN_UNGUARDED_AVAILABILITY = YES_AGGRESSIVE;
				CLANG_WARN_UNREACHABLE_CODE = YES;
				CLANG_WARN__DUPLICATE_METHOD_MATCH = YES;
				COPY_PHASE_STRIP = NO;
				DEBUG_INFORMATION_FORMAT = dwarf;
				ENABLE_STRICT_OBJC_MSGSEND = YES;
				ENABLE_TESTABILITY = YES;
				ENABLE_USER_SCRIPT_SANDBOXING = YES;
				GCC_C_LANGUAGE_STANDARD = gnu17;
				GCC_DYNAMIC_NO_PIC = NO;
				GCC_NO_COMMON_BLOCKS = YES;
				GCC_OPTIMIZATION_LEVEL = 0;
				GCC_PREPROCESSOR_DEFINITIONS = (
					"DEBUG=1",
					"$(inherited)",
				);
				GCC_WARN_64_TO_32_BIT_CONVERSION = YES;
				GCC_WARN_ABOUT_RETURN_TYPE = YES_ERROR;
				GCC_WARN_UNDECLARED_SELECTOR = YES;
				GCC_WARN_UNINITIALIZED_AUTOS = YES_AGGRESSIVE;
				GCC_WARN_UNUSED_FUNCTION = YES;
				GCC_WARN_UNUSED_VARIABLE = YES;
				INFOPLIST_FILE = WOAI/Info.plist;
				IPHONEOS_DEPLOYMENT_TARGET = 17.4;
				LOCALIZATION_PREFERS_STRING_CATALOGS = YES;
				MTL_ENABLE_DEBUG_INFO = INCLUDE_SOURCE;
				MTL_FAST_MATH = YES;
				ONLY_ACTIVE_ARCH = YES;
				SDKROOT = iphoneos;
				SWIFT_ACTIVE_COMPILATION_CONDITIONS = "DEBUG $(inherited)";
				SWIFT_OPTIMIZATION_LEVEL = "-Onone";
			};
			name = Debug;
		};
		60F34B302CF5F5F800A386EF /* Release */ = {
			isa = XCBuildConfiguration;
			buildSettings = {
				ALWAYS_SEARCH_USER_PATHS = NO;
				ASSETCATALOG_COMPILER_GENERATE_SWIFT_ASSET_SYMBOL_EXTENSIONS = YES;
				CLANG_ANALYZER_LOCALIZABILITY_NONLOCALIZED = YES;
				CLANG_ANALYZER_NONNULL = YES;
				CLANG_ANALYZER_NUMBER_OBJECT_CONVERSION = YES_AGGRESSIVE;
				CLANG_CXX_LANGUAGE_STANDARD = "gnu++20";
				CLANG_ENABLE_MODULES = YES;
				CLANG_ENABLE_OBJC_ARC = YES;
				CLANG_ENABLE_OBJC_WEAK = YES;
				CLANG_WARN_BLOCK_CAPTURE_AUTORELEASING = YES;
				CLANG_WARN_BOOL_CONVERSION = YES;
				CLANG_WARN_COMMA = YES;
				CLANG_WARN_CONSTANT_CONVERSION = YES;
				CLANG_WARN_DEPRECATED_OBJC_IMPLEMENTATIONS = YES;
				CLANG_WARN_DIRECT_OBJC_ISA_USAGE = YES_ERROR;
				CLANG_WARN_DOCUMENTATION_COMMENTS = YES;
				CLANG_WARN_EMPTY_BODY = YES;
				CLANG_WARN_ENUM_CONVERSION = YES;
				CLANG_WARN_INFINITE_RECURSION = YES;
				CLANG_WARN_INT_CONVERSION = YES;
				CLANG_WARN_NON_LITERAL_NULL_CONVERSION = YES;
				CLANG_WARN_OBJC_IMPLICIT_RETAIN_SELF = YES;
				CLANG_WARN_OBJC_LITERAL_CONVERSION = YES;
				CLANG_WARN_OBJC_ROOT_CLASS = YES_ERROR;
				CLANG_WARN_QUOTED_INCLUDE_IN_FRAMEWORK_HEADER = YES;
				CLANG_WARN_RANGE_LOOP_ANALYSIS = YES;
				CLANG_WARN_STRICT_PROTOTYPES = YES;
				CLANG_WARN_SUSPICIOUS_MOVE = YES;
				CLANG_WARN_UNGUARDED_AVAILABILITY = YES_AGGRESSIVE;
				CLANG_WARN_UNREACHABLE_CODE = YES;
				CLANG_WARN__DUPLICATE_METHOD_MATCH = YES;
				COPY_PHASE_STRIP = NO;
				DEBUG_INFORMATION_FORMAT = "dwarf-with-dsym";
				ENABLE_NS_ASSERTIONS = NO;
				ENABLE_STRICT_OBJC_MSGSEND = YES;
				ENABLE_USER_SCRIPT_SANDBOXING = YES;
				GCC_C_LANGUAGE_STANDARD = gnu17;
				GCC_NO_COMMON_BLOCKS = YES;
				GCC_WARN_64_TO_32_BIT_CONVERSION = YES;
				GCC_WARN_ABOUT_RETURN_TYPE = YES_ERROR;
				GCC_WARN_UNDECLARED_SELECTOR = YES;
				GCC_WARN_UNINITIALIZED_AUTOS = YES_AGGRESSIVE;
				GCC_WARN_UNUSED_FUNCTION = YES;
				GCC_WARN_UNUSED_VARIABLE = YES;
				INFOPLIST_FILE = WOAI/Info.plist;
				IPHONEOS_DEPLOYMENT_TARGET = 17.4;
				LOCALIZATION_PREFERS_STRING_CATALOGS = YES;
				MTL_ENABLE_DEBUG_INFO = NO;
				MTL_FAST_MATH = YES;
				SDKROOT = iphoneos;
				SWIFT_COMPILATION_MODE = wholemodule;
				VALIDATE_PRODUCT = YES;
			};
			name = Release;
		};
		60F34B322CF5F5F800A386EF /* Debug */ = {
			isa = XCBuildConfiguration;
			baseConfigurationReference = 60566C2F2D64C10A00509D48 /* config.xcconfig */;
			buildSettings = {
				ASSETCATALOG_COMPILER_APPICON_NAME = AppIcon;
				ASSETCATALOG_COMPILER_GLOBAL_ACCENT_COLOR_NAME = AccentColor;
				CODE_SIGN_STYLE = Automatic;
				CURRENT_PROJECT_VERSION = 1;
				DEVELOPMENT_TEAM = YH4A87H8M4;
				GENERATE_INFOPLIST_FILE = YES;
				INFOPLIST_FILE = WOAI/Info.plist;
				INFOPLIST_KEY_NSMicrophoneUsageDescription = "WOAI 앱에서 음성 인식을 위해 마이크를 사용합니다.";
				INFOPLIST_KEY_UIApplicationSupportsIndirectInputEvents = YES;
				INFOPLIST_KEY_UILaunchStoryboardName = LaunchScreen;
				INFOPLIST_KEY_UIMainStoryboardFile = "";
				INFOPLIST_KEY_UISupportedInterfaceOrientations_iPad = "UIInterfaceOrientationPortrait UIInterfaceOrientationPortraitUpsideDown UIInterfaceOrientationLandscapeLeft UIInterfaceOrientationLandscapeRight";
				INFOPLIST_KEY_UISupportedInterfaceOrientations_iPhone = "UIInterfaceOrientationPortrait UIInterfaceOrientationLandscapeLeft UIInterfaceOrientationLandscapeRight";
				INFOPLIST_KEY_UIUserInterfaceStyle = Light;
				LD_RUNPATH_SEARCH_PATHS = (
					"$(inherited)",
					"@executable_path/Frameworks",
				);
				MARKETING_VERSION = 1.0;
				PRODUCT_BUNDLE_IDENTIFIER = com.seungwan.WOAI;
				PRODUCT_NAME = "$(TARGET_NAME)";
				SWIFT_EMIT_LOC_STRINGS = YES;
				SWIFT_VERSION = 5.0;
				TARGETED_DEVICE_FAMILY = "1,2";
			};
			name = Debug;
		};
		60F34B332CF5F5F800A386EF /* Release */ = {
			isa = XCBuildConfiguration;
			baseConfigurationReference = 60566C2F2D64C10A00509D48 /* config.xcconfig */;
			buildSettings = {
				ASSETCATALOG_COMPILER_APPICON_NAME = AppIcon;
				ASSETCATALOG_COMPILER_GLOBAL_ACCENT_COLOR_NAME = AccentColor;
				CODE_SIGN_STYLE = Automatic;
				CURRENT_PROJECT_VERSION = 1;
				DEVELOPMENT_TEAM = YH4A87H8M4;
				GENERATE_INFOPLIST_FILE = YES;
				INFOPLIST_FILE = WOAI/Info.plist;
				INFOPLIST_KEY_NSMicrophoneUsageDescription = "WOAI 앱에서 음성 인식을 위해 마이크를 사용합니다.";
				INFOPLIST_KEY_UIApplicationSupportsIndirectInputEvents = YES;
				INFOPLIST_KEY_UILaunchStoryboardName = LaunchScreen;
				INFOPLIST_KEY_UIMainStoryboardFile = "";
				INFOPLIST_KEY_UISupportedInterfaceOrientations_iPad = "UIInterfaceOrientationPortrait UIInterfaceOrientationPortraitUpsideDown UIInterfaceOrientationLandscapeLeft UIInterfaceOrientationLandscapeRight";
				INFOPLIST_KEY_UISupportedInterfaceOrientations_iPhone = "UIInterfaceOrientationPortrait UIInterfaceOrientationLandscapeLeft UIInterfaceOrientationLandscapeRight";
				INFOPLIST_KEY_UIUserInterfaceStyle = Light;
				LD_RUNPATH_SEARCH_PATHS = (
					"$(inherited)",
					"@executable_path/Frameworks",
				);
				MARKETING_VERSION = 1.0;
				PRODUCT_BUNDLE_IDENTIFIER = com.seungwan.WOAI;
				PRODUCT_NAME = "$(TARGET_NAME)";
				SWIFT_EMIT_LOC_STRINGS = YES;
				SWIFT_VERSION = 5.0;
				TARGETED_DEVICE_FAMILY = "1,2";
			};
			name = Release;
		};
/* End XCBuildConfiguration section */

/* Begin XCConfigurationList section */
		60F34B182CF5F5F500A386EF /* Build configuration list for PBXProject "WOAI" */ = {
			isa = XCConfigurationList;
			buildConfigurations = (
				60F34B2F2CF5F5F800A386EF /* Debug */,
				60F34B302CF5F5F800A386EF /* Release */,
			);
			defaultConfigurationIsVisible = 0;
			defaultConfigurationName = Release;
		};
		60F34B312CF5F5F800A386EF /* Build configuration list for PBXNativeTarget "WOAI" */ = {
			isa = XCConfigurationList;
			buildConfigurations = (
				60F34B322CF5F5F800A386EF /* Debug */,
				60F34B332CF5F5F800A386EF /* Release */,
			);
			defaultConfigurationIsVisible = 0;
			defaultConfigurationName = Release;
		};
/* End XCConfigurationList section */

/* Begin XCRemoteSwiftPackageReference section */
		602A0CC32DBBB1E8003255F2 /* XCRemoteSwiftPackageReference "whisperkit" */ = {
			isa = XCRemoteSwiftPackageReference;
			repositoryURL = "https://github.com/argmaxinc/whisperkit";
			requirement = {
				kind = exactVersion;
				version = 0.12.0;
			};
		};
/* End XCRemoteSwiftPackageReference section */

/* Begin XCSwiftPackageProductDependency section */
		602A0CC52DBBBB06003255F2 /* WhisperKit */ = {
			isa = XCSwiftPackageProductDependency;
			package = 602A0CC32DBBB1E8003255F2 /* XCRemoteSwiftPackageReference "whisperkit" */;
			productName = WhisperKit;
		};
/* End XCSwiftPackageProductDependency section */

/* Begin XCVersionGroup section */
		60F9E94C2DBA34DE0009B436 /* TaskModel.xcdatamodeld */ = {
			isa = XCVersionGroup;
			children = (
				60F9E94D2DBA34DE0009B436 /* TaskModel.xcdatamodel */,
			);
			currentVersion = 60F9E94D2DBA34DE0009B436 /* TaskModel.xcdatamodel */;
			path = TaskModel.xcdatamodeld;
			sourceTree = "<group>";
			versionGroupType = wrapper.xcdatamodel;
		};
/* End XCVersionGroup section */
	};
	rootObject = 60F34B152CF5F5F500A386EF /* Project object */;
}
